{
  "name": "scripts",
  "lockfileVersion": 3,
  "requires": true,
  "packages": {
    "": {
      "dependencies": {
        "openagent": "^0.0.1"
      }
    },
    "node_modules/openagent": {
      "version": "0.0.1",
      "resolved": "https://registry.npmjs.org/openagent/-/openagent-0.0.1.tgz",
      "integrity": "sha512-UFm+Pcz1rhrAZn7asZM/Qn5oLEbkK1qyunsusdwyxsdwLq0pj1YdvE95oYpstNbmXkhu7dLD3lrWBJB7OYcX6g==",
      "license": "ISC"
    }
  }
}
